
Microsoft Visual Studio Solution File, Format Version 12.00
# Visual Studio Version 17
VisualStudioVersion = 17.3.32929.385
MinimumVisualStudioVersion = 10.0.40219.1
Project("{F184B08F-C81C-45F6-A57F-5ABD9991F28F}") = "Practice2", "Practice2\Practice2.vbproj", "{6359BE39-E19F-4E5C-BE8C-189E5E4DD881}"
EndProject
Global
	GlobalSection(SolutionConfigurationPlatforms) = preSolution
		Debug|Any CPU = Debug|Any CPU
		Release|Any CPU = Release|Any CPU
	EndGlobalSection
	GlobalSection(ProjectConfigurationPlatforms) = postSolution
		{6359BE39-E19F-4E5C-BE8C-189E5E4DD881}.Debug|Any CPU.ActiveCfg = Debug|Any CPU
		{6359BE39-E19F-4E5C-BE8C-189E5E4DD881}.Debug|Any CPU.Build.0 = Debug|Any CPU
		{6359BE39-E19F-4E5C-BE8C-189E5E4DD881}.Release|Any CPU.ActiveCfg = Release|Any CPU
		{6359BE39-E19F-4E5C-BE8C-189E5E4DD881}.Release|Any CPU.Build.0 = Release|Any CPU
	EndGlobalSection
	GlobalSection(SolutionProperties) = preSolution
		HideSolutionNode = FALSE
	EndGlobalSection
	GlobalSection(ExtensibilityGlobals) = postSolution
		SolutionGuid = {4334ABE4-C8B9-44F6-B004-682355059744}
	EndGlobalSection
EndGlobal
