
Microsoft Visual Studio Solution File, Format Version 12.00
# Visual Studio Version 17
VisualStudioVersion = 17.3.32929.385
MinimumVisualStudioVersion = 10.0.40219.1
Project("{F184B08F-C81C-45F6-A57F-5ABD9991F28F}") = "Colormixer", "Colormixer\Colormixer.vbproj", "{D98400CD-59FA-4122-8B8D-154099B29388}"
EndProject
Global
	GlobalSection(SolutionConfigurationPlatforms) = preSolution
		Debug|Any CPU = Debug|Any CPU
		Release|Any CPU = Release|Any CPU
	EndGlobalSection
	GlobalSection(ProjectConfigurationPlatforms) = postSolution
		{D98400CD-59FA-4122-8B8D-154099B29388}.Debug|Any CPU.ActiveCfg = Debug|Any CPU
		{D98400CD-59FA-4122-8B8D-154099B29388}.Debug|Any CPU.Build.0 = Debug|Any CPU
		{D98400CD-59FA-4122-8B8D-154099B29388}.Release|Any CPU.ActiveCfg = Release|Any CPU
		{D98400CD-59FA-4122-8B8D-154099B29388}.Release|Any CPU.Build.0 = Release|Any CPU
	EndGlobalSection
	GlobalSection(SolutionProperties) = preSolution
		HideSolutionNode = FALSE
	EndGlobalSection
	GlobalSection(ExtensibilityGlobals) = postSolution
		SolutionGuid = {A02BA096-5654-442D-B635-1968B274B614}
	EndGlobalSection
EndGlobal
