
Microsoft Visual Studio Solution File, Format Version 12.00
# Visual Studio Version 17
VisualStudioVersion = 17.2.32630.192
MinimumVisualStudioVersion = 10.0.40219.1
Project("{F184B08F-C81C-45F6-A57F-5ABD9991F28F}") = "5 Item Store", "5 Item Store\5 Item Store.vbproj", "{7FBD6943-C78A-4A35-883D-AD937875E49F}"
EndProject
Global
	GlobalSection(SolutionConfigurationPlatforms) = preSolution
		Debug|Any CPU = Debug|Any CPU
		Release|Any CPU = Release|Any CPU
	EndGlobalSection
	GlobalSection(ProjectConfigurationPlatforms) = postSolution
		{7FBD6943-C78A-4A35-883D-AD937875E49F}.Debug|Any CPU.ActiveCfg = Debug|Any CPU
		{7FBD6943-C78A-4A35-883D-AD937875E49F}.Debug|Any CPU.Build.0 = Debug|Any CPU
		{7FBD6943-C78A-4A35-883D-AD937875E49F}.Release|Any CPU.ActiveCfg = Release|Any CPU
		{7FBD6943-C78A-4A35-883D-AD937875E49F}.Release|Any CPU.Build.0 = Release|Any CPU
	EndGlobalSection
	GlobalSection(SolutionProperties) = preSolution
		HideSolutionNode = FALSE
	EndGlobalSection
	GlobalSection(ExtensibilityGlobals) = postSolution
		SolutionGuid = {BD4D3410-45DB-40AB-A866-F37E7A9E6226}
	EndGlobalSection
EndGlobal
