
Microsoft Visual Studio Solution File, Format Version 12.00
# Visual Studio Version 17
VisualStudioVersion = 17.3.32929.385
MinimumVisualStudioVersion = 10.0.40219.1
Project("{F184B08F-C81C-45F6-A57F-5ABD9991F28F}") = "Practice1", "Practice1\Practice1.vbproj", "{2332D672-4128-4AEC-B4FB-01FED7E83A66}"
EndProject
Global
	GlobalSection(SolutionConfigurationPlatforms) = preSolution
		Debug|Any CPU = Debug|Any CPU
		Release|Any CPU = Release|Any CPU
	EndGlobalSection
	GlobalSection(ProjectConfigurationPlatforms) = postSolution
		{2332D672-4128-4AEC-B4FB-01FED7E83A66}.Debug|Any CPU.ActiveCfg = Debug|Any CPU
		{2332D672-4128-4AEC-B4FB-01FED7E83A66}.Debug|Any CPU.Build.0 = Debug|Any CPU
		{2332D672-4128-4AEC-B4FB-01FED7E83A66}.Release|Any CPU.ActiveCfg = Release|Any CPU
		{2332D672-4128-4AEC-B4FB-01FED7E83A66}.Release|Any CPU.Build.0 = Release|Any CPU
	EndGlobalSection
	GlobalSection(SolutionProperties) = preSolution
		HideSolutionNode = FALSE
	EndGlobalSection
	GlobalSection(ExtensibilityGlobals) = postSolution
		SolutionGuid = {06EFF216-D9CA-4FD7-A374-4F2C066E880C}
	EndGlobalSection
EndGlobal
